
Microsoft Visual Studio Solution File, Format Version 12.00
# Visual Studio Version 17
VisualStudioVersion = 17.0.31903.59
MinimumVisualStudioVersion = 10.0.40219.1
Project("{FAE04EC0-301F-11D3-BF4B-00C04F79EFBC}") = "Notifications.Domain", "Notifications.Domain\Notifications.Domain.csproj", "{BD4BCC5C-29F5-403E-8332-BC8B81DBFABE}"
EndProject
Project("{FAE04EC0-301F-11D3-BF4B-00C04F79EFBC}") = "Notifications.Domain.Tests", "Notifications.Domain.Tests\Notifications.Domain.Tests.csproj", "{7182C311-6C11-4C98-B0A1-43DC08EC5DBD}"
EndProject
Global
	GlobalSection(SolutionConfigurationPlatforms) = preSolution
		Debug|Any CPU = Debug|Any CPU
		Debug|x64 = Debug|x64
		Debug|x86 = Debug|x86
		Release|Any CPU = Release|Any CPU
		Release|x64 = Release|x64
		Release|x86 = Release|x86
	EndGlobalSection
	GlobalSection(ProjectConfigurationPlatforms) = postSolution
		{BD4BCC5C-29F5-403E-8332-BC8B81DBFABE}.Debug|Any CPU.ActiveCfg = Debug|Any CPU
		{BD4BCC5C-29F5-403E-8332-BC8B81DBFABE}.Debug|Any CPU.Build.0 = Debug|Any CPU
		{BD4BCC5C-29F5-403E-8332-BC8B81DBFABE}.Debug|x64.ActiveCfg = Debug|Any CPU
		{BD4BCC5C-29F5-403E-8332-BC8B81DBFABE}.Debug|x64.Build.0 = Debug|Any CPU
		{BD4BCC5C-29F5-403E-8332-BC8B81DBFABE}.Debug|x86.ActiveCfg = Debug|Any CPU
		{BD4BCC5C-29F5-403E-8332-BC8B81DBFABE}.Debug|x86.Build.0 = Debug|Any CPU
		{BD4BCC5C-29F5-403E-8332-BC8B81DBFABE}.Release|Any CPU.ActiveCfg = Release|Any CPU
		{BD4BCC5C-29F5-403E-8332-BC8B81DBFABE}.Release|Any CPU.Build.0 = Release|Any CPU
		{BD4BCC5C-29F5-403E-8332-BC8B81DBFABE}.Release|x64.ActiveCfg = Release|Any CPU
		{BD4BCC5C-29F5-403E-8332-BC8B81DBFABE}.Release|x64.Build.0 = Release|Any CPU
		{BD4BCC5C-29F5-403E-8332-BC8B81DBFABE}.Release|x86.ActiveCfg = Release|Any CPU
		{BD4BCC5C-29F5-403E-8332-BC8B81DBFABE}.Release|x86.Build.0 = Release|Any CPU
		{7182C311-6C11-4C98-B0A1-43DC08EC5DBD}.Debug|Any CPU.ActiveCfg = Debug|Any CPU
		{7182C311-6C11-4C98-B0A1-43DC08EC5DBD}.Debug|Any CPU.Build.0 = Debug|Any CPU
		{7182C311-6C11-4C98-B0A1-43DC08EC5DBD}.Debug|x64.ActiveCfg = Debug|Any CPU
		{7182C311-6C11-4C98-B0A1-43DC08EC5DBD}.Debug|x64.Build.0 = Debug|Any CPU
		{7182C311-6C11-4C98-B0A1-43DC08EC5DBD}.Debug|x86.ActiveCfg = Debug|Any CPU
		{7182C311-6C11-4C98-B0A1-43DC08EC5DBD}.Debug|x86.Build.0 = Debug|Any CPU
		{7182C311-6C11-4C98-B0A1-43DC08EC5DBD}.Release|Any CPU.ActiveCfg = Release|Any CPU
		{7182C311-6C11-4C98-B0A1-43DC08EC5DBD}.Release|Any CPU.Build.0 = Release|Any CPU
		{7182C311-6C11-4C98-B0A1-43DC08EC5DBD}.Release|x64.ActiveCfg = Release|Any CPU
		{7182C311-6C11-4C98-B0A1-43DC08EC5DBD}.Release|x64.Build.0 = Release|Any CPU
		{7182C311-6C11-4C98-B0A1-43DC08EC5DBD}.Release|x86.ActiveCfg = Release|Any CPU
		{7182C311-6C11-4C98-B0A1-43DC08EC5DBD}.Release|x86.Build.0 = Release|Any CPU
	EndGlobalSection
	GlobalSection(SolutionProperties) = preSolution
		HideSolutionNode = FALSE
	EndGlobalSection
EndGlobal
